
Microsoft Visual Studio Solution File, Format Version 12.00
Project("{FAE04EC0-301F-11D3-BF4B-00C04F79EFBC}") = "StaticErrorBoundary", "StaticErrorBoundary.csproj", "{58E8FC7B-2698-49C6-8F4A-C6307D2467EF}"
EndProject
Global
	GlobalSection(SolutionConfigurationPlatforms) = preSolution
		Debug|Any CPU = Debug|Any CPU
		Release|Any CPU = Release|Any CPU
	EndGlobalSection
	GlobalSection(ProjectConfigurationPlatforms) = postSolution
		{58E8FC7B-2698-49C6-8F4A-C6307D2467EF}.Debug|Any CPU.ActiveCfg = Debug|Any CPU
		{58E8FC7B-2698-49C6-8F4A-C6307D2467EF}.Debug|Any CPU.Build.0 = Debug|Any CPU
		{58E8FC7B-2698-49C6-8F4A-C6307D2467EF}.Release|Any CPU.ActiveCfg = Release|Any CPU
		{58E8FC7B-2698-49C6-8F4A-C6307D2467EF}.Release|Any CPU.Build.0 = Release|Any CPU
	EndGlobalSection
EndGlobal
